// !$*UTF8*$!
{
	archiveVersion = 1;
	classes = {
	};
	objectVersion = 47;
	objects = {

/* Begin PBXBuildFile section */
		DFBC97B81C587F8400A60C6A /* FileAttributes.swift in Sources */ = {isa = PBXBuildFile; fileRef = DFBC97B61C58622200A60C6A /* FileAttributes.swift */; };
		DFE8FC3F1C51DCDC0065967F /* main.swift in Sources */ = {isa = PBXBuildFile; fileRef = DFE8FC3E1C51DCDC0065967F /* main.swift */; };
		DFE8FC481C51EFE20065967F /* main.swift in Sources */ = {isa = PBXBuildFile; fileRef = DFE8FC471C51EFE20065967F /* main.swift */; };
		DFFD81981C59146700621D83 /* FileAttributesTest.swift in Sources */ = {isa = PBXBuildFile; fileRef = DFFD81971C59146700621D83 /* FileAttributesTest.swift */; };
		DFFD819F1C59171800621D83 /* FileAttributes.swift in Sources */ = {isa = PBXBuildFile; fileRef = DFBC97B61C58622200A60C6A /* FileAttributes.swift */; };
/* End PBXBuildFile section */

/* Begin PBXCopyFilesBuildPhase section */
		DFD2335B1C4DDAF1001F5E49 /* CopyFiles */ = {
			isa = PBXCopyFilesBuildPhase;
			buildActionMask = 2147483647;
			dstPath = /usr/share/man/man1/;
			dstSubfolderSpec = 0;
			files = (
			);
			runOnlyForDeploymentPostprocessing = 1;
		};
		DFE8FC431C51EFE20065967F /* CopyFiles */ = {
			isa = PBXCopyFilesBuildPhase;
			buildActionMask = 2147483647;
			dstPath = /usr/share/man/man1/;
			dstSubfolderSpec = 0;
			files = (
			);
			runOnlyForDeploymentPostprocessing = 1;
		};
/* End PBXCopyFilesBuildPhase section */

/* Begin PBXFileReference section */
		DFBC97B61C58622200A60C6A /* FileAttributes.swift */ = {isa = PBXFileReference; lastKnownFileType = sourcecode.swift; path = FileAttributes.swift; sourceTree = "<group>"; };
		DFBC97BA1C5882CA00A60C6A /* .swiftlint.yml */ = {isa = PBXFileReference; indentWidth = 2; lastKnownFileType = text; path = .swiftlint.yml; sourceTree = "<group>"; tabWidth = 2; usesTabs = 0; };
		DFD2335D1C4DDAF1001F5E49 /* cat */ = {isa = PBXFileReference; explicitFileType = "compiled.mach-o.executable"; includeInIndex = 0; path = cat; sourceTree = BUILT_PRODUCTS_DIR; };
		DFE8FC3E1C51DCDC0065967F /* main.swift */ = {isa = PBXFileReference; fileEncoding = 4; lastKnownFileType = sourcecode.swift; path = main.swift; sourceTree = "<group>"; };
		DFE8FC401C51E5FB0065967F /* .gitignore */ = {isa = PBXFileReference; lastKnownFileType = text; path = .gitignore; sourceTree = "<group>"; };
		DFE8FC451C51EFE20065967F /* ls */ = {isa = PBXFileReference; explicitFileType = "compiled.mach-o.executable"; includeInIndex = 0; path = ls; sourceTree = BUILT_PRODUCTS_DIR; };
		DFE8FC471C51EFE20065967F /* main.swift */ = {isa = PBXFileReference; lastKnownFileType = sourcecode.swift; path = main.swift; sourceTree = "<group>"; };
		DFFD81951C59146700621D83 /* FileAttributesTest.xctest */ = {isa = PBXFileReference; explicitFileType = wrapper.cfbundle; includeInIndex = 0; path = FileAttributesTest.xctest; sourceTree = BUILT_PRODUCTS_DIR; };
		DFFD81971C59146700621D83 /* FileAttributesTest.swift */ = {isa = PBXFileReference; lastKnownFileType = sourcecode.swift; path = FileAttributesTest.swift; sourceTree = "<group>"; };
		DFFD81991C59146700621D83 /* Info.plist */ = {isa = PBXFileReference; lastKnownFileType = text.plist.xml; path = Info.plist; sourceTree = "<group>"; };
/* End PBXFileReference section */

/* Begin PBXFrameworksBuildPhase section */
		DFD2335A1C4DDAF1001F5E49 /* Frameworks */ = {
			isa = PBXFrameworksBuildPhase;
			buildActionMask = 2147483647;
			files = (
			);
			runOnlyForDeploymentPostprocessing = 0;
		};
		DFE8FC421C51EFE20065967F /* Frameworks */ = {
			isa = PBXFrameworksBuildPhase;
			buildActionMask = 2147483647;
			files = (
			);
			runOnlyForDeploymentPostprocessing = 0;
		};
		DFFD81921C59146700621D83 /* Frameworks */ = {
			isa = PBXFrameworksBuildPhase;
			buildActionMask = 2147483647;
			files = (
			);
			runOnlyForDeploymentPostprocessing = 0;
		};
/* End PBXFrameworksBuildPhase section */

/* Begin PBXGroup section */
		DFD233541C4DDAF0001F5E49 = {
			isa = PBXGroup;
			children = (
				DFE8FC401C51E5FB0065967F /* .gitignore */,
				DFBC97BA1C5882CA00A60C6A /* .swiftlint.yml */,
				DFFD819E1C59151200621D83 /* Source */,
				DFD2335E1C4DDAF1001F5E49 /* Products */,
			);
			sourceTree = "<group>";
		};
		DFD2335E1C4DDAF1001F5E49 /* Products */ = {
			isa = PBXGroup;
			children = (
				DFD2335D1C4DDAF1001F5E49 /* cat */,
				DFE8FC451C51EFE20065967F /* ls */,
				DFFD81951C59146700621D83 /* FileAttributesTest.xctest */,
			);
			name = Products;
			sourceTree = "<group>";
		};
		DFE8FC3D1C51DCDC0065967F /* cat */ = {
			isa = PBXGroup;
			children = (
				DFE8FC3E1C51DCDC0065967F /* main.swift */,
			);
			path = cat;
			sourceTree = "<group>";
		};
		DFE8FC461C51EFE20065967F /* ls */ = {
			isa = PBXGroup;
			children = (
				DFE8FC471C51EFE20065967F /* main.swift */,
			);
			path = ls;
			sourceTree = "<group>";
		};
		DFFD81961C59146700621D83 /* FileAttributesTest */ = {
			isa = PBXGroup;
			children = (
				DFFD81971C59146700621D83 /* FileAttributesTest.swift */,
				DFFD81991C59146700621D83 /* Info.plist */,
			);
			path = FileAttributesTest;
			sourceTree = "<group>";
		};
		DFFD819E1C59151200621D83 /* Source */ = {
			isa = PBXGroup;
			children = (
				DFBC97B61C58622200A60C6A /* FileAttributes.swift */,
				DFE8FC3D1C51DCDC0065967F /* cat */,
				DFE8FC461C51EFE20065967F /* ls */,
				DFFD81961C59146700621D83 /* FileAttributesTest */,
			);
			path = Source;
			sourceTree = SOURCE_ROOT;
		};
/* End PBXGroup section */

/* Begin PBXNativeTarget section */
		DFD2335C1C4DDAF1001F5E49 /* cat */ = {
			isa = PBXNativeTarget;
			buildConfigurationList = DFD233641C4DDAF1001F5E49 /* Build configuration list for PBXNativeTarget "cat" */;
			buildPhases = (
				DFD233591C4DDAF1001F5E49 /* Sources */,
				DFD2335A1C4DDAF1001F5E49 /* Frameworks */,
				DFD2335B1C4DDAF1001F5E49 /* CopyFiles */,
			);
			buildRules = (
			);
			dependencies = (
			);
			name = cat;
			productName = SwiftUtils;
			productReference = DFD2335D1C4DDAF1001F5E49 /* cat */;
			productType = "com.apple.product-type.tool";
		};
		DFE8FC441C51EFE20065967F /* ls */ = {
			isa = PBXNativeTarget;
			buildConfigurationList = DFE8FC491C51EFE20065967F /* Build configuration list for PBXNativeTarget "ls" */;
			buildPhases = (
				DFBC97B91C58815600A60C6A /* ShellScript */,
				DFE8FC411C51EFE20065967F /* Sources */,
				DFE8FC421C51EFE20065967F /* Frameworks */,
				DFE8FC431C51EFE20065967F /* CopyFiles */,
			);
			buildRules = (
			);
			dependencies = (
			);
			name = ls;
			productName = ls;
			productReference = DFE8FC451C51EFE20065967F /* ls */;
			productType = "com.apple.product-type.tool";
		};
		DFFD81941C59146700621D83 /* FileAttributesTest */ = {
			isa = PBXNativeTarget;
			buildConfigurationList = DFFD819A1C59146700621D83 /* Build configuration list for PBXNativeTarget "FileAttributesTest" */;
			buildPhases = (
				DFFD81911C59146700621D83 /* Sources */,
				DFFD81921C59146700621D83 /* Frameworks */,
				DFFD81931C59146700621D83 /* Resources */,
			);
			buildRules = (
			);
			dependencies = (
			);
			name = FileAttributesTest;
			productName = FileAttributesTest;
			productReference = DFFD81951C59146700621D83 /* FileAttributesTest.xctest */;
			productType = "com.apple.product-type.bundle.unit-test";
		};
/* End PBXNativeTarget section */

/* Begin PBXProject section */
		DFD233551C4DDAF0001F5E49 /* Project object */ = {
			isa = PBXProject;
			attributes = {
				LastSwiftUpdateCheck = 0720;
				LastUpgradeCheck = 0720;
				ORGANIZATIONNAME = "Ryan Breaker";
				TargetAttributes = {
					DFD2335C1C4DDAF1001F5E49 = {
						CreatedOnToolsVersion = 7.2;
					};
					DFE8FC441C51EFE20065967F = {
						CreatedOnToolsVersion = 7.2;
					};
					DFFD81941C59146700621D83 = {
						CreatedOnToolsVersion = 7.2;
					};
				};
			};
			buildConfigurationList = DFD233581C4DDAF0001F5E49 /* Build configuration list for PBXProject "SwiftUtils" */;
			compatibilityVersion = "Xcode 6.3";
			developmentRegion = English;
			hasScannedForEncodings = 0;
			knownRegions = (
				en,
			);
			mainGroup = DFD233541C4DDAF0001F5E49;
			productRefGroup = DFD2335E1C4DDAF1001F5E49 /* Products */;
			projectDirPath = "";
			projectRoot = "";
			targets = (
				DFD2335C1C4DDAF1001F5E49 /* cat */,
				DFE8FC441C51EFE20065967F /* ls */,
				DFFD81941C59146700621D83 /* FileAttributesTest */,
			);
		};
/* End PBXProject section */

/* Begin PBXResourcesBuildPhase section */
		DFFD81931C59146700621D83 /* Resources */ = {
			isa = PBXResourcesBuildPhase;
			buildActionMask = 2147483647;
			files = (
			);
			runOnlyForDeploymentPostprocessing = 0;
		};
/* End PBXResourcesBuildPhase section */

/* Begin PBXShellScriptBuildPhase section */
		DFBC97B91C58815600A60C6A /* ShellScript */ = {
			isa = PBXShellScriptBuildPhase;
			buildActionMask = 2147483647;
			files = (
			);
			inputPaths = (
			);
			outputPaths = (
			);
			runOnlyForDeploymentPostprocessing = 0;
			shellPath = /bin/sh;
			shellScript = "if which swiftlint >/dev/null; then\n    swiftlint\nelse\n    echo \"Swiftlint not found!\"\nfi";
		};
/* End PBXShellScriptBuildPhase section */

/* Begin PBXSourcesBuildPhase section */
		DFD233591C4DDAF1001F5E49 /* Sources */ = {
			isa = PBXSourcesBuildPhase;
			buildActionMask = 2147483647;
			files = (
				DFE8FC3F1C51DCDC0065967F /* main.swift in Sources */,
			);
			runOnlyForDeploymentPostprocessing = 0;
		};
		DFE8FC411C51EFE20065967F /* Sources */ = {
			isa = PBXSourcesBuildPhase;
			buildActionMask = 2147483647;
			files = (
				DFBC97B81C587F8400A60C6A /* FileAttributes.swift in Sources */,
				DFE8FC481C51EFE20065967F /* main.swift in Sources */,
			);
			runOnlyForDeploymentPostprocessing = 0;
		};
		DFFD81911C59146700621D83 /* Sources */ = {
			isa = PBXSourcesBuildPhase;
			buildActionMask = 2147483647;
			files = (
				DFFD819F1C59171800621D83 /* FileAttributes.swift in Sources */,
				DFFD81981C59146700621D83 /* FileAttributesTest.swift in Sources */,
			);
			runOnlyForDeploymentPostprocessing = 0;
		};
/* End PBXSourcesBuildPhase section */

/* Begin XCBuildConfiguration section */
		DFD233621C4DDAF1001F5E49 /* Debug */ = {
			isa = XCBuildConfiguration;
			buildSettings = {
				ALWAYS_SEARCH_USER_PATHS = NO;
				CLANG_CXX_LANGUAGE_STANDARD = "gnu++0x";
				CLANG_CXX_LIBRARY = "libc++";
				CLANG_ENABLE_MODULES = YES;
				CLANG_ENABLE_OBJC_ARC = YES;
				CLANG_WARN_BOOL_CONVERSION = YES;
				CLANG_WARN_CONSTANT_CONVERSION = YES;
				CLANG_WARN_DIRECT_OBJC_ISA_USAGE = YES_ERROR;
				CLANG_WARN_EMPTY_BODY = YES;
				CLANG_WARN_ENUM_CONVERSION = YES;
				CLANG_WARN_INT_CONVERSION = YES;
				CLANG_WARN_OBJC_ROOT_CLASS = YES_ERROR;
				CLANG_WARN_UNREACHABLE_CODE = YES;
				CLANG_WARN__DUPLICATE_METHOD_MATCH = YES;
				CODE_SIGN_IDENTITY = "-";
				COPY_PHASE_STRIP = NO;
				DEBUG_INFORMATION_FORMAT = dwarf;
				ENABLE_STRICT_OBJC_MSGSEND = YES;
				ENABLE_TESTABILITY = YES;
				FRAMEWORK_SEARCH_PATHS = $SRCROOT/Carthage/Build/Mac/;
				GCC_C_LANGUAGE_STANDARD = gnu99;
				GCC_DYNAMIC_NO_PIC = NO;
				GCC_NO_COMMON_BLOCKS = YES;
				GCC_OPTIMIZATION_LEVEL = 0;
				GCC_PREPROCESSOR_DEFINITIONS = (
					"DEBUG=1",
					"$(inherited)",
				);
				GCC_WARN_64_TO_32_BIT_CONVERSION = YES;
				GCC_WARN_ABOUT_RETURN_TYPE = YES_ERROR;
				GCC_WARN_UNDECLARED_SELECTOR = YES;
				GCC_WARN_UNINITIALIZED_AUTOS = YES_AGGRESSIVE;
				GCC_WARN_UNUSED_FUNCTION = YES;
				GCC_WARN_UNUSED_VARIABLE = YES;
				HEADER_SEARCH_PATHS = $SRCROOT/Carthage/Build/Mac/;
				LIBRARY_SEARCH_PATHS = $SRCROOT/Carthage/Build/Mac/;
				MACOSX_DEPLOYMENT_TARGET = 10.11;
				MTL_ENABLE_DEBUG_INFO = YES;
				ONLY_ACTIVE_ARCH = YES;
				SDKROOT = macosx;
				SWIFT_OPTIMIZATION_LEVEL = "-Onone";
			};
			name = Debug;
		};
		DFD233631C4DDAF1001F5E49 /* Release */ = {
			isa = XCBuildConfiguration;
			buildSettings = {
				ALWAYS_SEARCH_USER_PATHS = NO;
				CLANG_CXX_LANGUAGE_STANDARD = "gnu++0x";
				CLANG_CXX_LIBRARY = "libc++";
				CLANG_ENABLE_MODULES = YES;
				CLANG_ENABLE_OBJC_ARC = YES;
				CLANG_WARN_BOOL_CONVERSION = YES;
				CLANG_WARN_CONSTANT_CONVERSION = YES;
				CLANG_WARN_DIRECT_OBJC_ISA_USAGE = YES_ERROR;
				CLANG_WARN_EMPTY_BODY = YES;
				CLANG_WARN_ENUM_CONVERSION = YES;
				CLANG_WARN_INT_CONVERSION = YES;
				CLANG_WARN_OBJC_ROOT_CLASS = YES_ERROR;
				CLANG_WARN_UNREACHABLE_CODE = YES;
				CLANG_WARN__DUPLICATE_METHOD_MATCH = YES;
				CODE_SIGN_IDENTITY = "-";
				COPY_PHASE_STRIP = NO;
				DEBUG_INFORMATION_FORMAT = "dwarf-with-dsym";
				ENABLE_NS_ASSERTIONS = NO;
				ENABLE_STRICT_OBJC_MSGSEND = YES;
				FRAMEWORK_SEARCH_PATHS = $SRCROOT/Carthage/Build/Mac/;
				GCC_C_LANGUAGE_STANDARD = gnu99;
				GCC_NO_COMMON_BLOCKS = YES;
				GCC_WARN_64_TO_32_BIT_CONVERSION = YES;
				GCC_WARN_ABOUT_RETURN_TYPE = YES_ERROR;
				GCC_WARN_UNDECLARED_SELECTOR = YES;
				GCC_WARN_UNINITIALIZED_AUTOS = YES_AGGRESSIVE;
				GCC_WARN_UNUSED_FUNCTION = YES;
				GCC_WARN_UNUSED_VARIABLE = YES;
				HEADER_SEARCH_PATHS = $SRCROOT/Carthage/Build/Mac/;
				LIBRARY_SEARCH_PATHS = $SRCROOT/Carthage/Build/Mac/;
				MACOSX_DEPLOYMENT_TARGET = 10.11;
				MTL_ENABLE_DEBUG_INFO = NO;
				SDKROOT = macosx;
			};
			name = Release;
		};
		DFD233651C4DDAF1001F5E49 /* Debug */ = {
			isa = XCBuildConfiguration;
			buildSettings = {
				FRAMEWORK_SEARCH_PATHS = $SRCROOT/Carthage/Build/Mac/;
				HEADER_SEARCH_PATHS = $SRCROOT/Carthage/Build/Mac/;
				LIBRARY_SEARCH_PATHS = "$SRCROOT/Carthage/Build/Mac/**";
				PRODUCT_NAME = "$(TARGET_NAME)";
			};
			name = Debug;
		};
		DFD233661C4DDAF1001F5E49 /* Release */ = {
			isa = XCBuildConfiguration;
			buildSettings = {
				FRAMEWORK_SEARCH_PATHS = $SRCROOT/Carthage/Build/Mac/;
				HEADER_SEARCH_PATHS = $SRCROOT/Carthage/Build/Mac/;
				LIBRARY_SEARCH_PATHS = "$SRCROOT/Carthage/Build/Mac/**";
				PRODUCT_NAME = "$(TARGET_NAME)";
			};
			name = Release;
		};
		DFE8FC4A1C51EFE20065967F /* Debug */ = {
			isa = XCBuildConfiguration;
			buildSettings = {
				PRODUCT_NAME = "$(TARGET_NAME)";
			};
			name = Debug;
		};
		DFE8FC4B1C51EFE20065967F /* Release */ = {
			isa = XCBuildConfiguration;
			buildSettings = {
				PRODUCT_NAME = "$(TARGET_NAME)";
			};
			name = Release;
		};
		DFFD819B1C59146700621D83 /* Debug */ = {
			isa = XCBuildConfiguration;
			buildSettings = {
				COMBINE_HIDPI_IMAGES = YES;
				INFOPLIST_FILE = Source/FileAttributesTest/Info.plist;
				LD_RUNPATH_SEARCH_PATHS = "$(inherited) @executable_path/../Frameworks @loader_path/../Frameworks";
				PRODUCT_BUNDLE_IDENTIFIER = rocks.breaker.FileAttributesTest;
				PRODUCT_NAME = "$(TARGET_NAME)";
			};
			name = Debug;
		};
		DFFD819C1C59146700621D83 /* Release */ = {
			isa = XCBuildConfiguration;
			buildSettings = {
				COMBINE_HIDPI_IMAGES = YES;
				INFOPLIST_FILE = Source/FileAttributesTest/Info.plist;
				LD_RUNPATH_SEARCH_PATHS = "$(inherited) @executable_path/../Frameworks @loader_path/../Frameworks";
				PRODUCT_BUNDLE_IDENTIFIER = rocks.breaker.FileAttributesTest;
				PRODUCT_NAME = "$(TARGET_NAME)";
			};
			name = Release;
		};
/* End XCBuildConfiguration section */

/* Begin XCConfigurationList section */
		DFD233581C4DDAF0001F5E49 /* Build configuration list for PBXProject "SwiftUtils" */ = {
			isa = XCConfigurationList;
			buildConfigurations = (
				DFD233621C4DDAF1001F5E49 /* Debug */,
				DFD233631C4DDAF1001F5E49 /* Release */,
			);
			defaultConfigurationIsVisible = 0;
			defaultConfigurationName = Release;
		};
		DFD233641C4DDAF1001F5E49 /* Build configuration list for PBXNativeTarget "cat" */ = {
			isa = XCConfigurationList;
			buildConfigurations = (
				DFD233651C4DDAF1001F5E49 /* Debug */,
				DFD233661C4DDAF1001F5E49 /* Release */,
			);
			defaultConfigurationIsVisible = 0;
			defaultConfigurationName = Release;
		};
		DFE8FC491C51EFE20065967F /* Build configuration list for PBXNativeTarget "ls" */ = {
			isa = XCConfigurationList;
			buildConfigurations = (
				DFE8FC4A1C51EFE20065967F /* Debug */,
				DFE8FC4B1C51EFE20065967F /* Release */,
			);
			defaultConfigurationIsVisible = 0;
			defaultConfigurationName = Release;
		};
		DFFD819A1C59146700621D83 /* Build configuration list for PBXNativeTarget "FileAttributesTest" */ = {
			isa = XCConfigurationList;
			buildConfigurations = (
				DFFD819B1C59146700621D83 /* Debug */,
				DFFD819C1C59146700621D83 /* Release */,
			);
			defaultConfigurationIsVisible = 0;
		};
/* End XCConfigurationList section */
	};
	rootObject = DFD233551C4DDAF0001F5E49 /* Project object */;
}
