// !$*UTF8*$!
{
	archiveVersion = 1;
	classes = {
	};
	objectVersion = 46;
	objects = {

/* Begin PBXBuildFile section */
		DFE8FC3F1C51DCDC0065967F /* main.swift in Sources */ = {isa = PBXBuildFile; fileRef = DFE8FC3E1C51DCDC0065967F /* main.swift */; };
/* End PBXBuildFile section */

/* Begin PBXCopyFilesBuildPhase section */
		DFD2335B1C4DDAF1001F5E49 /* CopyFiles */ = {
			isa = PBXCopyFilesBuildPhase;
			buildActionMask = 2147483647;
			dstPath = /usr/share/man/man1/;
			dstSubfolderSpec = 0;
			files = (
			);
			runOnlyForDeploymentPostprocessing = 1;
		};
/* End PBXCopyFilesBuildPhase section */

/* Begin PBXFileReference section */
		DFD2335D1C4DDAF1001F5E49 /* cat */ = {isa = PBXFileReference; explicitFileType = "compiled.mach-o.executable"; includeInIndex = 0; path = cat; sourceTree = BUILT_PRODUCTS_DIR; };
		DFE38ED11C4ECDA700B3D0DE /* Option.swift */ = {isa = PBXFileReference; lastKnownFileType = sourcecode.swift; path = Option.swift; sourceTree = "<group>"; };
		DFE8FC3E1C51DCDC0065967F /* main.swift */ = {isa = PBXFileReference; fileEncoding = 4; lastKnownFileType = sourcecode.swift; path = main.swift; sourceTree = "<group>"; };
		DFE8FC401C51E5FB0065967F /* .gitignore */ = {isa = PBXFileReference; lastKnownFileType = text; path = .gitignore; sourceTree = "<group>"; };
/* End PBXFileReference section */

/* Begin PBXFrameworksBuildPhase section */
		DFD2335A1C4DDAF1001F5E49 /* Frameworks */ = {
			isa = PBXFrameworksBuildPhase;
			buildActionMask = 2147483647;
			files = (
			);
			runOnlyForDeploymentPostprocessing = 0;
		};
/* End PBXFrameworksBuildPhase section */

/* Begin PBXGroup section */
		DFD233541C4DDAF0001F5E49 = {
			isa = PBXGroup;
			children = (
				DFE8FC401C51E5FB0065967F /* .gitignore */,
				DFE8FC3D1C51DCDC0065967F /* cat */,
				DFE38ED11C4ECDA700B3D0DE /* Option.swift */,
				DFD2335E1C4DDAF1001F5E49 /* Products */,
			);
			sourceTree = "<group>";
		};
		DFD2335E1C4DDAF1001F5E49 /* Products */ = {
			isa = PBXGroup;
			children = (
				DFD2335D1C4DDAF1001F5E49 /* cat */,
			);
			name = Products;
			sourceTree = "<group>";
		};
		DFE8FC3D1C51DCDC0065967F /* cat */ = {
			isa = PBXGroup;
			children = (
				DFE8FC3E1C51DCDC0065967F /* main.swift */,
			);
			path = cat;
			sourceTree = "<group>";
		};
/* End PBXGroup section */

/* Begin PBXNativeTarget section */
		DFD2335C1C4DDAF1001F5E49 /* cat */ = {
			isa = PBXNativeTarget;
			buildConfigurationList = DFD233641C4DDAF1001F5E49 /* Build configuration list for PBXNativeTarget "cat" */;
			buildPhases = (
				DFD233591C4DDAF1001F5E49 /* Sources */,
				DFD2335A1C4DDAF1001F5E49 /* Frameworks */,
				DFD2335B1C4DDAF1001F5E49 /* CopyFiles */,
			);
			buildRules = (
			);
			dependencies = (
			);
			name = cat;
			productName = SwiftUtils;
			productReference = DFD2335D1C4DDAF1001F5E49 /* cat */;
			productType = "com.apple.product-type.tool";
		};
/* End PBXNativeTarget section */

/* Begin PBXProject section */
		DFD233551C4DDAF0001F5E49 /* Project object */ = {
			isa = PBXProject;
			attributes = {
				LastSwiftUpdateCheck = 0720;
				LastUpgradeCheck = 0720;
				ORGANIZATIONNAME = "Ryan Breaker";
				TargetAttributes = {
					DFD2335C1C4DDAF1001F5E49 = {
						CreatedOnToolsVersion = 7.2;
					};
				};
			};
			buildConfigurationList = DFD233581C4DDAF0001F5E49 /* Build configuration list for PBXProject "SwiftUtils" */;
			compatibilityVersion = "Xcode 3.2";
			developmentRegion = English;
			hasScannedForEncodings = 0;
			knownRegions = (
				en,
			);
			mainGroup = DFD233541C4DDAF0001F5E49;
			productRefGroup = DFD2335E1C4DDAF1001F5E49 /* Products */;
			projectDirPath = "";
			projectRoot = "";
			targets = (
				DFD2335C1C4DDAF1001F5E49 /* cat */,
			);
		};
/* End PBXProject section */

/* Begin PBXSourcesBuildPhase section */
		DFD233591C4DDAF1001F5E49 /* Sources */ = {
			isa = PBXSourcesBuildPhase;
			buildActionMask = 2147483647;
			files = (
				DFE8FC3F1C51DCDC0065967F /* main.swift in Sources */,
			);
			runOnlyForDeploymentPostprocessing = 0;
		};
/* End PBXSourcesBuildPhase section */

/* Begin XCBuildConfiguration section */
		DFD233621C4DDAF1001F5E49 /* Debug */ = {
			isa = XCBuildConfiguration;
			buildSettings = {
				ALWAYS_SEARCH_USER_PATHS = NO;
				CLANG_CXX_LANGUAGE_STANDARD = "gnu++0x";
				CLANG_CXX_LIBRARY = "libc++";
				CLANG_ENABLE_MODULES = YES;
				CLANG_ENABLE_OBJC_ARC = YES;
				CLANG_WARN_BOOL_CONVERSION = YES;
				CLANG_WARN_CONSTANT_CONVERSION = YES;
				CLANG_WARN_DIRECT_OBJC_ISA_USAGE = YES_ERROR;
				CLANG_WARN_EMPTY_BODY = YES;
				CLANG_WARN_ENUM_CONVERSION = YES;
				CLANG_WARN_INT_CONVERSION = YES;
				CLANG_WARN_OBJC_ROOT_CLASS = YES_ERROR;
				CLANG_WARN_UNREACHABLE_CODE = YES;
				CLANG_WARN__DUPLICATE_METHOD_MATCH = YES;
				CODE_SIGN_IDENTITY = "-";
				COPY_PHASE_STRIP = NO;
				DEBUG_INFORMATION_FORMAT = dwarf;
				ENABLE_STRICT_OBJC_MSGSEND = YES;
				ENABLE_TESTABILITY = YES;
				FRAMEWORK_SEARCH_PATHS = $SRCROOT/Carthage/Build/Mac/;
				GCC_C_LANGUAGE_STANDARD = gnu99;
				GCC_DYNAMIC_NO_PIC = NO;
				GCC_NO_COMMON_BLOCKS = YES;
				GCC_OPTIMIZATION_LEVEL = 0;
				GCC_PREPROCESSOR_DEFINITIONS = (
					"DEBUG=1",
					"$(inherited)",
				);
				GCC_WARN_64_TO_32_BIT_CONVERSION = YES;
				GCC_WARN_ABOUT_RETURN_TYPE = YES_ERROR;
				GCC_WARN_UNDECLARED_SELECTOR = YES;
				GCC_WARN_UNINITIALIZED_AUTOS = YES_AGGRESSIVE;
				GCC_WARN_UNUSED_FUNCTION = YES;
				GCC_WARN_UNUSED_VARIABLE = YES;
				HEADER_SEARCH_PATHS = $SRCROOT/Carthage/Build/Mac/;
				LIBRARY_SEARCH_PATHS = $SRCROOT/Carthage/Build/Mac/;
				MACOSX_DEPLOYMENT_TARGET = 10.11;
				MTL_ENABLE_DEBUG_INFO = YES;
				ONLY_ACTIVE_ARCH = YES;
				SDKROOT = macosx;
				SWIFT_OPTIMIZATION_LEVEL = "-Onone";
			};
			name = Debug;
		};
		DFD233631C4DDAF1001F5E49 /* Release */ = {
			isa = XCBuildConfiguration;
			buildSettings = {
				ALWAYS_SEARCH_USER_PATHS = NO;
				CLANG_CXX_LANGUAGE_STANDARD = "gnu++0x";
				CLANG_CXX_LIBRARY = "libc++";
				CLANG_ENABLE_MODULES = YES;
				CLANG_ENABLE_OBJC_ARC = YES;
				CLANG_WARN_BOOL_CONVERSION = YES;
				CLANG_WARN_CONSTANT_CONVERSION = YES;
				CLANG_WARN_DIRECT_OBJC_ISA_USAGE = YES_ERROR;
				CLANG_WARN_EMPTY_BODY = YES;
				CLANG_WARN_ENUM_CONVERSION = YES;
				CLANG_WARN_INT_CONVERSION = YES;
				CLANG_WARN_OBJC_ROOT_CLASS = YES_ERROR;
				CLANG_WARN_UNREACHABLE_CODE = YES;
				CLANG_WARN__DUPLICATE_METHOD_MATCH = YES;
				CODE_SIGN_IDENTITY = "-";
				COPY_PHASE_STRIP = NO;
				DEBUG_INFORMATION_FORMAT = "dwarf-with-dsym";
				ENABLE_NS_ASSERTIONS = NO;
				ENABLE_STRICT_OBJC_MSGSEND = YES;
				FRAMEWORK_SEARCH_PATHS = $SRCROOT/Carthage/Build/Mac/;
				GCC_C_LANGUAGE_STANDARD = gnu99;
				GCC_NO_COMMON_BLOCKS = YES;
				GCC_WARN_64_TO_32_BIT_CONVERSION = YES;
				GCC_WARN_ABOUT_RETURN_TYPE = YES_ERROR;
				GCC_WARN_UNDECLARED_SELECTOR = YES;
				GCC_WARN_UNINITIALIZED_AUTOS = YES_AGGRESSIVE;
				GCC_WARN_UNUSED_FUNCTION = YES;
				GCC_WARN_UNUSED_VARIABLE = YES;
				HEADER_SEARCH_PATHS = $SRCROOT/Carthage/Build/Mac/;
				LIBRARY_SEARCH_PATHS = $SRCROOT/Carthage/Build/Mac/;
				MACOSX_DEPLOYMENT_TARGET = 10.11;
				MTL_ENABLE_DEBUG_INFO = NO;
				SDKROOT = macosx;
			};
			name = Release;
		};
		DFD233651C4DDAF1001F5E49 /* Debug */ = {
			isa = XCBuildConfiguration;
			buildSettings = {
				FRAMEWORK_SEARCH_PATHS = $SRCROOT/Carthage/Build/Mac/;
				HEADER_SEARCH_PATHS = $SRCROOT/Carthage/Build/Mac/;
				LIBRARY_SEARCH_PATHS = "$SRCROOT/Carthage/Build/Mac/**";
				PRODUCT_NAME = "$(TARGET_NAME)";
			};
			name = Debug;
		};
		DFD233661C4DDAF1001F5E49 /* Release */ = {
			isa = XCBuildConfiguration;
			buildSettings = {
				FRAMEWORK_SEARCH_PATHS = $SRCROOT/Carthage/Build/Mac/;
				HEADER_SEARCH_PATHS = $SRCROOT/Carthage/Build/Mac/;
				LIBRARY_SEARCH_PATHS = "$SRCROOT/Carthage/Build/Mac/**";
				PRODUCT_NAME = "$(TARGET_NAME)";
			};
			name = Release;
		};
/* End XCBuildConfiguration section */

/* Begin XCConfigurationList section */
		DFD233581C4DDAF0001F5E49 /* Build configuration list for PBXProject "SwiftUtils" */ = {
			isa = XCConfigurationList;
			buildConfigurations = (
				DFD233621C4DDAF1001F5E49 /* Debug */,
				DFD233631C4DDAF1001F5E49 /* Release */,
			);
			defaultConfigurationIsVisible = 0;
			defaultConfigurationName = Release;
		};
		DFD233641C4DDAF1001F5E49 /* Build configuration list for PBXNativeTarget "cat" */ = {
			isa = XCConfigurationList;
			buildConfigurations = (
				DFD233651C4DDAF1001F5E49 /* Debug */,
				DFD233661C4DDAF1001F5E49 /* Release */,
			);
			defaultConfigurationIsVisible = 0;
			defaultConfigurationName = Release;
		};
/* End XCConfigurationList section */
	};
	rootObject = DFD233551C4DDAF0001F5E49 /* Project object */;
}
